
Microsoft Visual Studio Solution File, Format Version 12.00
# Visual Studio 15
VisualStudioVersion = 15.0.28307.852
MinimumVisualStudioVersion = 10.0.40219.1
Project("{8BC9CEB8-8B4A-11D0-8D11-00A0C91BC942}") = "Return the Sum of Two Numbers", "Return the Sum of Two Numbers\Return the Sum of Two Numbers.vcxproj", "{A71F6F5D-ACC1-4A53-A867-10C96260AFA5}"
EndProject
Global
	GlobalSection(SolutionConfigurationPlatforms) = preSolution
		Debug|x64 = Debug|x64
		Debug|x86 = Debug|x86
		Release|x64 = Release|x64
		Release|x86 = Release|x86
	EndGlobalSection
	GlobalSection(ProjectConfigurationPlatforms) = postSolution
		{A71F6F5D-ACC1-4A53-A867-10C96260AFA5}.Debug|x64.ActiveCfg = Debug|x64
		{A71F6F5D-ACC1-4A53-A867-10C96260AFA5}.Debug|x64.Build.0 = Debug|x64
		{A71F6F5D-ACC1-4A53-A867-10C96260AFA5}.Debug|x86.ActiveCfg = Debug|Win32
		{A71F6F5D-ACC1-4A53-A867-10C96260AFA5}.Debug|x86.Build.0 = Debug|Win32
		{A71F6F5D-ACC1-4A53-A867-10C96260AFA5}.Release|x64.ActiveCfg = Release|x64
		{A71F6F5D-ACC1-4A53-A867-10C96260AFA5}.Release|x64.Build.0 = Release|x64
		{A71F6F5D-ACC1-4A53-A867-10C96260AFA5}.Release|x86.ActiveCfg = Release|Win32
		{A71F6F5D-ACC1-4A53-A867-10C96260AFA5}.Release|x86.Build.0 = Release|Win32
	EndGlobalSection
	GlobalSection(SolutionProperties) = preSolution
		HideSolutionNode = FALSE
	EndGlobalSection
	GlobalSection(ExtensibilityGlobals) = postSolution
		SolutionGuid = {F707C030-0F1C-446A-8616-A3C6D3484F0A}
	EndGlobalSection
EndGlobal
