
Microsoft Visual Studio Solution File, Format Version 12.00
# Visual Studio 15
VisualStudioVersion = 15.0.28307.852
MinimumVisualStudioVersion = 10.0.40219.1
Project("{FAE04EC0-301F-11D3-BF4B-00C04F79EFBC}") = "Abstract class", "Abstract class\Abstract class.csproj", "{BBC7356B-0887-455D-A567-054BCCB6B668}"
EndProject
Global
	GlobalSection(SolutionConfigurationPlatforms) = preSolution
		Debug|Any CPU = Debug|Any CPU
		Release|Any CPU = Release|Any CPU
	EndGlobalSection
	GlobalSection(ProjectConfigurationPlatforms) = postSolution
		{BBC7356B-0887-455D-A567-054BCCB6B668}.Debug|Any CPU.ActiveCfg = Debug|Any CPU
		{BBC7356B-0887-455D-A567-054BCCB6B668}.Debug|Any CPU.Build.0 = Debug|Any CPU
		{BBC7356B-0887-455D-A567-054BCCB6B668}.Release|Any CPU.ActiveCfg = Release|Any CPU
		{BBC7356B-0887-455D-A567-054BCCB6B668}.Release|Any CPU.Build.0 = Release|Any CPU
	EndGlobalSection
	GlobalSection(SolutionProperties) = preSolution
		HideSolutionNode = FALSE
	EndGlobalSection
	GlobalSection(ExtensibilityGlobals) = postSolution
		SolutionGuid = {82577280-F00A-4F80-978A-A587BA251788}
	EndGlobalSection
EndGlobal
